{
    "version": 3,
    "terraform_version": "0.11.3",
    "serial": 8,
    "lineage": "e1b4e939-a9c8-49ce-be6e-213838f8ba4c",
    "modules": [
        {
            "path": [
                "root"
            ],
            "outputs": {},
            "resources": {
                "aws_instance.PRExampleServer1": {
                    "type": "aws_instance",
                    "depends_on": [],
                    "primary": {
                        "id": "i-0b702e3163e8311f1",
                        "attributes": {
                            "ami": "ami-16370073",
                            "associate_public_ip_address": "true",
                            "availability_zone": "us-east-2b",
                            "disable_api_termination": "false",
                            "ebs_block_device.#": "0",
                            "ebs_optimized": "false",
                            "ephemeral_block_device.#": "0",
                            "iam_instance_profile": "",
                            "id": "i-0b702e3163e8311f1",
                            "instance_state": "running",
                            "instance_type": "t2.micro",
                            "ipv6_addresses.#": "0",
                            "key_name": "",
                            "monitoring": "false",
                            "network_interface.#": "0",
                            "network_interface_id": "eni-cf43c19b",
                            "placement_group": "",
                            "primary_network_interface_id": "eni-cf43c19b",
                            "private_dns": "ip-172-31-26-3.us-east-2.compute.internal",
                            "private_ip": "172.31.26.3",
                            "public_dns": "ec2-18-218-112-178.us-east-2.compute.amazonaws.com",
                            "public_ip": "18.218.112.178",
                            "root_block_device.#": "1",
                            "root_block_device.0.delete_on_termination": "true",
                            "root_block_device.0.iops": "100",
                            "root_block_device.0.volume_id": "vol-0bc6cc5b01a97054b",
                            "root_block_device.0.volume_size": "30",
                            "root_block_device.0.volume_type": "gp2",
                            "security_groups.#": "1",
                            "security_groups.3814588639": "default",
                            "source_dest_check": "true",
                            "subnet_id": "subnet-15a0bb6e",
                            "tags.%": "2",
                            "tags.Name": "PSExampleServer1",
                            "tags.Use": "Demo for Pluralsight",
                            "tenancy": "default",
                            "volume_tags.%": "0",
                            "vpc_security_group_ids.#": "1",
                            "vpc_security_group_ids.3809724616": "sg-2507c84e"
                        },
                        "meta": {
                            "e2bfb730-ecaa-11e6-8f88-34363bc7c4c0": {
                                "create": 600000000000,
                                "delete": 1200000000000,
                                "update": 600000000000
                            },
                            "schema_version": "1"
                        },
                        "tainted": false
                    },
                    "deposed": [],
                    "provider": "provider.aws"
                },
                "aws_instance.PRExampleServer2": {
                    "type": "aws_instance",
                    "depends_on": [],
                    "primary": {
                        "id": "i-00147c0dccb1c0678",
                        "attributes": {
                            "ami": "ami-16370073",
                            "associate_public_ip_address": "true",
                            "availability_zone": "us-east-2b",
                            "disable_api_termination": "false",
                            "ebs_block_device.#": "0",
                            "ebs_optimized": "false",
                            "ephemeral_block_device.#": "0",
                            "iam_instance_profile": "",
                            "id": "i-00147c0dccb1c0678",
                            "instance_state": "running",
                            "instance_type": "t2.micro",
                            "ipv6_addresses.#": "0",
                            "key_name": "",
                            "monitoring": "false",
                            "network_interface.#": "0",
                            "network_interface_id": "eni-9542c0c1",
                            "placement_group": "",
                            "primary_network_interface_id": "eni-9542c0c1",
                            "private_dns": "ip-172-31-27-95.us-east-2.compute.internal",
                            "private_ip": "172.31.27.95",
                            "public_dns": "ec2-18-219-190-252.us-east-2.compute.amazonaws.com",
                            "public_ip": "18.219.190.252",
                            "root_block_device.#": "1",
                            "root_block_device.0.delete_on_termination": "true",
                            "root_block_device.0.iops": "100",
                            "root_block_device.0.volume_id": "vol-0d3bda5677232a0d8",
                            "root_block_device.0.volume_size": "30",
                            "root_block_device.0.volume_type": "gp2",
                            "security_groups.#": "1",
                            "security_groups.3814588639": "default",
                            "source_dest_check": "true",
                            "subnet_id": "subnet-15a0bb6e",
                            "tags.%": "2",
                            "tags.Name": "PSExampleServer2",
                            "tags.Use": "Demo for Pluralsight",
                            "tenancy": "default",
                            "volume_tags.%": "0",
                            "vpc_security_group_ids.#": "1",
                            "vpc_security_group_ids.3809724616": "sg-2507c84e"
                        },
                        "meta": {
                            "e2bfb730-ecaa-11e6-8f88-34363bc7c4c0": {
                                "create": 600000000000,
                                "delete": 1200000000000,
                                "update": 600000000000
                            },
                            "schema_version": "1"
                        },
                        "tainted": false
                    },
                    "deposed": [],
                    "provider": "provider.aws"
                }
            },
            "depends_on": []
        }
    ]
}
