{
    "version": 3,
    "terraform_version": "0.11.3",
    "serial": 27,
    "lineage": "74f2aec4-60ac-4636-9cc3-aa3839e89405",
    "modules": [
        {
            "path": [
                "root"
            ],
            "outputs": {},
            "resources": {
                "data.vsphere_datacenter.dc": {
                    "type": "vsphere_datacenter",
                    "depends_on": [],
                    "primary": {
                        "id": "datacenter-2",
                        "attributes": {
                            "id": "datacenter-2",
                            "name": "IT Service Datacenter"
                        },
                        "meta": {},
                        "tainted": false
                    },
                    "deposed": [],
                    "provider": "provider.vsphere"
                },
                "data.vsphere_datastore.datastore": {
                    "type": "vsphere_datastore",
                    "depends_on": [
                        "data.vsphere_datacenter.dc"
                    ],
                    "primary": {
                        "id": "datastore-124",
                        "attributes": {
                            "datacenter_id": "datacenter-2",
                            "id": "datastore-124",
                            "name": "Compstor01-VMware-Vol07"
                        },
                        "meta": {},
                        "tainted": false
                    },
                    "deposed": [],
                    "provider": "provider.vsphere"
                },
                "data.vsphere_network.ISG-Datacenter-Private": {
                    "type": "vsphere_network",
                    "depends_on": [
                        "data.vsphere_datacenter.dc"
                    ],
                    "primary": {
                        "id": "dvportgroup-229",
                        "attributes": {
                            "datacenter_id": "datacenter-2",
                            "id": "dvportgroup-229",
                            "name": "_VLAN3016-ISG-Datacenter-Servers-PRIVATE",
                            "type": "DistributedVirtualPortgroup"
                        },
                        "meta": {},
                        "tainted": false
                    },
                    "deposed": [],
                    "provider": "provider.vsphere"
                },
                "data.vsphere_network.ISG-Datacenter-Public": {
                    "type": "vsphere_network",
                    "depends_on": [
                        "data.vsphere_datacenter.dc"
                    ],
                    "primary": {
                        "id": "dvportgroup-236",
                        "attributes": {
                            "datacenter_id": "datacenter-2",
                            "id": "dvportgroup-236",
                            "name": "VLAN3024-ISG-Datacenter-Servers-PUBLIC",
                            "type": "DistributedVirtualPortgroup"
                        },
                        "meta": {},
                        "tainted": false
                    },
                    "deposed": [],
                    "provider": "provider.vsphere"
                },
                "data.vsphere_resource_pool.pool": {
                    "type": "vsphere_resource_pool",
                    "depends_on": [
                        "data.vsphere_datacenter.dc"
                    ],
                    "primary": {
                        "id": "resgroup-8",
                        "attributes": {
                            "datacenter_id": "datacenter-2",
                            "id": "resgroup-8",
                            "name": "Resources"
                        },
                        "meta": {},
                        "tainted": false
                    },
                    "deposed": [],
                    "provider": "provider.vsphere"
                },
                "data.vsphere_tag_category.category": {
                    "type": "vsphere_tag_category",
                    "depends_on": [],
                    "primary": {
                        "id": "urn:vmomi:InventoryServiceCategory:c73d7534-3119-48e8-a605-36a9d9ca523b:GLOBAL",
                        "attributes": {
                            "associable_types.#": "1",
                            "associable_types.3125094965": "VirtualMachine",
                            "cardinality": "SINGLE",
                            "description": "",
                            "id": "urn:vmomi:InventoryServiceCategory:c73d7534-3119-48e8-a605-36a9d9ca523b:GLOBAL",
                            "name": "VMAttributes"
                        },
                        "meta": {},
                        "tainted": false
                    },
                    "deposed": [],
                    "provider": "provider.vsphere"
                },
                "data.vsphere_virtual_machine.template": {
                    "type": "vsphere_virtual_machine",
                    "depends_on": [
                        "data.vsphere_datacenter.dc"
                    ],
                    "primary": {
                        "id": "4213e47d-847f-54c1-f3e6-102f5b4319cc",
                        "attributes": {
                            "alternate_guest_name": "",
                            "datacenter_id": "datacenter-2",
                            "disks.#": "1",
                            "disks.0.eagerly_scrub": "false",
                            "disks.0.size": "40",
                            "disks.0.thin_provisioned": "false",
                            "guest_id": "windows9Server64Guest",
                            "id": "4213e47d-847f-54c1-f3e6-102f5b4319cc",
                            "name": "T-Win2016D",
                            "network_interface_types.#": "0",
                            "scsi_controller_scan_count": "1",
                            "scsi_type": "lsilogic-sas"
                        },
                        "meta": {},
                        "tainted": false
                    },
                    "deposed": [],
                    "provider": "provider.vsphere"
                },
                "vsphere_folder.Exchange": {
                    "type": "vsphere_folder",
                    "depends_on": [
                        "data.vsphere_datacenter.dc"
                    ],
                    "primary": {
                        "id": "group-v7317",
                        "attributes": {
                            "custom_attributes.%": "0",
                            "datacenter_id": "datacenter-2",
                            "id": "group-v7317",
                            "path": "NUIT-CENTRAL/ISG/Exchange",
                            "tags.#": "0",
                            "type": "vm"
                        },
                        "meta": {
                            "schema_version": "1"
                        },
                        "tainted": false
                    },
                    "deposed": [],
                    "provider": "provider.vsphere"
                },
                "vsphere_tag.tag": {
                    "type": "vsphere_tag",
                    "depends_on": [
                        "data.vsphere_tag_category.category"
                    ],
                    "primary": {
                        "id": "urn:vmomi:InventoryServiceTag:9f2148d9-3d40-494b-bc35-bcc3aae1fd67:GLOBAL",
                        "attributes": {
                            "category_id": "urn:vmomi:InventoryServiceCategory:c73d7534-3119-48e8-a605-36a9d9ca523b:GLOBAL",
                            "description": "2018/03/16:::nuit-isg@newcastle.ac.uk",
                            "id": "urn:vmomi:InventoryServiceTag:9f2148d9-3d40-494b-bc35-bcc3aae1fd67:GLOBAL",
                            "name": "testnclexch01"
                        },
                        "meta": {},
                        "tainted": false
                    },
                    "deposed": [],
                    "provider": "provider.vsphere"
                },
                "vsphere_virtual_machine.terraform-web": {
                    "type": "vsphere_virtual_machine",
                    "depends_on": [
                        "data.vsphere_datastore.datastore",
                        "data.vsphere_network.ISG-Datacenter-Public",
                        "data.vsphere_resource_pool.pool",
                        "data.vsphere_virtual_machine.template",
                        "vsphere_folder.Exchange",
                        "vsphere_tag.tag"
                    ],
                    "primary": {
                        "id": "420d4798-4b20-12c7-662d-c72c7e0699bd",
                        "attributes": {
                            "alternate_guest_name": "",
                            "annotation": "##TEST##",
                            "boot_delay": "0",
                            "boot_retry_delay": "10000",
                            "boot_retry_enabled": "false",
                            "cdrom.#": "0",
                            "change_version": "2018-03-16T10:45:03.206844Z",
                            "clone.#": "1",
                            "clone.0.customize.#": "1",
                            "clone.0.customize.0.dns_server_list.#": "0",
                            "clone.0.customize.0.dns_suffix_list.#": "0",
                            "clone.0.customize.0.ipv4_gateway": "128.240.208.1",
                            "clone.0.customize.0.ipv6_gateway": "",
                            "clone.0.customize.0.linux_options.#": "0",
                            "clone.0.customize.0.network_interface.#": "1",
                            "clone.0.customize.0.network_interface.0.dns_domain": "",
                            "clone.0.customize.0.network_interface.0.dns_server_list.#": "2",
                            "clone.0.customize.0.network_interface.0.dns_server_list.0": "10.3.195.77",
                            "clone.0.customize.0.network_interface.0.dns_server_list.1": "10.3.195.101",
                            "clone.0.customize.0.network_interface.0.ipv4_address": "128.240.208.130",
                            "clone.0.customize.0.network_interface.0.ipv4_netmask": "22",
                            "clone.0.customize.0.network_interface.0.ipv6_address": "",
                            "clone.0.customize.0.network_interface.0.ipv6_netmask": "0",
                            "clone.0.customize.0.timeout": "10",
                            "clone.0.customize.0.windows_options.#": "1",
                            "clone.0.customize.0.windows_options.0.admin_password": "KScs2676",
                            "clone.0.customize.0.windows_options.0.auto_logon": "false",
                            "clone.0.customize.0.windows_options.0.auto_logon_count": "1",
                            "clone.0.customize.0.windows_options.0.computer_name": "testnclexch01",
                            "clone.0.customize.0.windows_options.0.domain_admin_password": "KScs2676",
                            "clone.0.customize.0.windows_options.0.domain_admin_user": "marke@testncl.ncl.ac.uk",
                            "clone.0.customize.0.windows_options.0.full_name": "Administrator",
                            "clone.0.customize.0.windows_options.0.join_domain": "testncl.ncl.ac.uk",
                            "clone.0.customize.0.windows_options.0.organization_name": "Newcastle University",
                            "clone.0.customize.0.windows_options.0.product_key": "",
                            "clone.0.customize.0.windows_options.0.run_once_command_list.#": "0",
                            "clone.0.customize.0.windows_options.0.time_zone": "85",
                            "clone.0.customize.0.windows_options.0.workgroup": "",
                            "clone.0.customize.0.windows_sysprep_text": "",
                            "clone.0.linked_clone": "false",
                            "clone.0.template_uuid": "4213e47d-847f-54c1-f3e6-102f5b4319cc",
                            "clone.0.timeout": "30",
                            "cpu_hot_add_enabled": "true",
                            "cpu_hot_remove_enabled": "false",
                            "cpu_limit": "-1",
                            "cpu_performance_counters_enabled": "false",
                            "cpu_reservation": "0",
                            "cpu_share_count": "4000",
                            "cpu_share_level": "normal",
                            "custom_attributes.%": "0",
                            "datastore_id": "datastore-124",
                            "default_ip_address": "128.240.208.130",
                            "disk.#": "1",
                            "disk.0.attach": "false",
                            "disk.0.datastore_id": "datastore-124",
                            "disk.0.device_address": "scsi:0:0",
                            "disk.0.disk_mode": "persistent",
                            "disk.0.disk_sharing": "sharingNone",
                            "disk.0.eagerly_scrub": "false",
                            "disk.0.io_limit": "-1",
                            "disk.0.io_reservation": "0",
                            "disk.0.io_share_count": "1000",
                            "disk.0.io_share_level": "normal",
                            "disk.0.keep_on_remove": "false",
                            "disk.0.key": "2000",
                            "disk.0.label": "disk0",
                            "disk.0.name": "",
                            "disk.0.path": "testnclexch01/testnclexch01.vmdk",
                            "disk.0.size": "40",
                            "disk.0.thin_provisioned": "true",
                            "disk.0.unit_number": "0",
                            "disk.0.uuid": "6000C296-bb6e-62f2-1144-e46bdca1bb8d",
                            "disk.0.write_through": "false",
                            "efi_secure_boot_enabled": "false",
                            "enable_disk_uuid": "false",
                            "enable_logging": "false",
                            "ept_rvi_mode": "automatic",
                            "extra_config.%": "0",
                            "firmware": "bios",
                            "folder": "NUIT-CENTRAL/ISG/Exchange",
                            "force_power_off": "true",
                            "guest_id": "windows9Server64Guest",
                            "guest_ip_addresses.#": "2",
                            "guest_ip_addresses.0": "128.240.208.130",
                            "guest_ip_addresses.1": "fe80::42c:fa52:b53:b44c",
                            "host_system_id": "host-665",
                            "hv_mode": "hvAuto",
                            "id": "420d4798-4b20-12c7-662d-c72c7e0699bd",
                            "memory": "4096",
                            "memory_hot_add_enabled": "true",
                            "memory_limit": "-1",
                            "memory_reservation": "0",
                            "memory_share_count": "40960",
                            "memory_share_level": "normal",
                            "migrate_wait_timeout": "30",
                            "moid": "vm-7318",
                            "name": "testnclexch01",
                            "nested_hv_enabled": "false",
                            "network_interface.#": "1",
                            "network_interface.0.adapter_type": "vmxnet3",
                            "network_interface.0.bandwidth_limit": "-1",
                            "network_interface.0.bandwidth_reservation": "0",
                            "network_interface.0.bandwidth_share_count": "50",
                            "network_interface.0.bandwidth_share_level": "normal",
                            "network_interface.0.device_address": "pci:0:7",
                            "network_interface.0.key": "4000",
                            "network_interface.0.mac_address": "00:50:56:3c:03:60",
                            "network_interface.0.network_id": "dvportgroup-236",
                            "network_interface.0.use_static_mac": "true",
                            "num_cores_per_socket": "1",
                            "num_cpus": "4",
                            "reboot_required": "false",
                            "resource_pool_id": "resgroup-8",
                            "run_tools_scripts_after_power_on": "true",
                            "run_tools_scripts_after_resume": "true",
                            "run_tools_scripts_before_guest_reboot": "false",
                            "run_tools_scripts_before_guest_shutdown": "true",
                            "run_tools_scripts_before_guest_standby": "true",
                            "scsi_controller_count": "1",
                            "scsi_type": "lsilogic-sas",
                            "shutdown_wait_timeout": "3",
                            "swap_placement_policy": "inherit",
                            "sync_time_with_host": "false",
                            "tags.#": "1",
                            "tags.2405878960": "urn:vmomi:InventoryServiceTag:9f2148d9-3d40-494b-bc35-bcc3aae1fd67:GLOBAL",
                            "uuid": "420d4798-4b20-12c7-662d-c72c7e0699bd",
                            "vmware_tools_status": "guestToolsRunning",
                            "vmx_path": "testnclexch01/testnclexch01.vmx",
                            "wait_for_guest_net_timeout": "5"
                        },
                        "meta": {
                            "schema_version": "3"
                        },
                        "tainted": false
                    },
                    "deposed": [],
                    "provider": "provider.vsphere"
                }
            },
            "depends_on": []
        }
    ]
}
